
Microsoft Visual Studio Solution File, Format Version 12.00
# Visual Studio 15
VisualStudioVersion = 15.0.28010.2046
MinimumVisualStudioVersion = 10.0.40219.1
Project("{FAE04EC0-301F-11D3-BF4B-00C04F79EFBC}") = "ProjectCondo", "ProjectCondo\ProjectCondo.csproj", "{4882C40D-0286-4C57-8092-7A991B79E7F8}"
EndProject
Global
	GlobalSection(SolutionConfigurationPlatforms) = preSolution
		Debug|Any CPU = Debug|Any CPU
		Release|Any CPU = Release|Any CPU
	EndGlobalSection
	GlobalSection(ProjectConfigurationPlatforms) = postSolution
		{4882C40D-0286-4C57-8092-7A991B79E7F8}.Debug|Any CPU.ActiveCfg = Debug|Any CPU
		{4882C40D-0286-4C57-8092-7A991B79E7F8}.Debug|Any CPU.Build.0 = Debug|Any CPU
		{4882C40D-0286-4C57-8092-7A991B79E7F8}.Release|Any CPU.ActiveCfg = Release|Any CPU
		{4882C40D-0286-4C57-8092-7A991B79E7F8}.Release|Any CPU.Build.0 = Release|Any CPU
	EndGlobalSection
	GlobalSection(SolutionProperties) = preSolution
		HideSolutionNode = FALSE
	EndGlobalSection
	GlobalSection(ExtensibilityGlobals) = postSolution
		SolutionGuid = {D4C638C1-60A7-4331-B8D5-FA50260B9401}
	EndGlobalSection
EndGlobal
